<?xml version="1.0" encoding="utf-8"?>
<Project ToolsVersion="4.0" xmlns="http://schemas.microsoft.com/developer/msbuild/2003">
  <ItemGroup>
    <Filter Include="Sources">
      <UniqueIdentifier>{8b7ed093-66ce-4096-96d2-fbb9faa4bf52}</UniqueIdentifier>
    </Filter>
    <Filter Include="Sources\Modules">
      <UniqueIdentifier>{7b418be2-1631-4a31-9ef2-8a8b234a7339}</UniqueIdentifier>
    </Filter>
    <Filter Include="Sources\Containers">
      <UniqueIdentifier>{afc36133-f401-499a-aa33-0da1e500fb52}</UniqueIdentifier>
    </Filter>
    <Filter Include="Sources\Tools">
      <UniqueIdentifier>{7e4dfaf7-022c-4f7d-92aa-f3b3fa9d6248}</UniqueIdentifier>
    </Filter>
    <Filter Include="Sources\Helpers">
      <UniqueIdentifier>{121f8e6b-df36-4ab0-be0d-601ddfc9e503}</UniqueIdentifier>
    </Filter>
    <Filter Include="Sources\Tools\ImGui">
      <UniqueIdentifier>{a79f1b6f-351d-450a-ad65-d554c6372406}</UniqueIdentifier>
    </Filter>
    <Filter Include="Sources\Core">
      <UniqueIdentifier>{dd9f5abf-361f-442e-9652-a2d9b116a338}</UniqueIdentifier>
    </Filter>
    <Filter Include="Sources\Tools\ImGui\SDL_OpenGL3">
      <UniqueIdentifier>{89de8cfe-9e09-4b1a-b363-3b116c8302b2}</UniqueIdentifier>
    </Filter>
    <Filter Include="Sources\components">
      <UniqueIdentifier>{63833b01-d401-45b8-ab2b-a9c0f7ed9b25}</UniqueIdentifier>
    </Filter>
    <Filter Include="Sources\Resources">
      <UniqueIdentifier>{477accb0-ada4-4be7-a9c7-ed6659c6bac8}</UniqueIdentifier>
    </Filter>
    <Filter Include="Sources\importers">
      <UniqueIdentifier>{9a7e6dfa-2a6a-4106-9fb2-0dd199db192d}</UniqueIdentifier>
    </Filter>
    <Filter Include="Sources\GUI">
      <UniqueIdentifier>{454d3492-f1ee-48fd-b07e-7e174720d52d}</UniqueIdentifier>
    </Filter>
  </ItemGroup>
  <ItemGroup>
    <ClInclude Include="Module.h">
      <Filter>Sources\Modules</Filter>
    </ClInclude>
    <ClInclude Include="ModuleCamera3D.h">
      <Filter>Sources\Modules</Filter>
    </ClInclude>
    <ClInclude Include="ModuleInput.h">
      <Filter>Sources\Modules</Filter>
    </ClInclude>
    <ClInclude Include="ModuleRenderer3D.h">
      <Filter>Sources\Modules</Filter>
    </ClInclude>
    <ClInclude Include="ModuleWindow.h">
      <Filter>Sources\Modules</Filter>
    </ClInclude>
    <ClInclude Include="glmath.h">
      <Filter>Sources\Containers</Filter>
    </ClInclude>
    <ClInclude Include="Primitive.h">
      <Filter>Sources\Helpers</Filter>
    </ClInclude>
    <ClInclude Include="Color.h">
      <Filter>Sources\Containers</Filter>
    </ClInclude>
    <ClInclude Include="Light.h">
      <Filter>Sources\Helpers</Filter>
    </ClInclude>
    <ClInclude Include="Timer.h">
      <Filter>Sources\Tools</Filter>
    </ClInclude>
    <ClInclude Include="imconfig.h">
      <Filter>Sources\Tools\ImGui</Filter>
    </ClInclude>
    <ClInclude Include="imgui.h">
      <Filter>Sources\Tools\ImGui</Filter>
    </ClInclude>
    <ClInclude Include="imgui_internal.h">
      <Filter>Sources\Tools\ImGui</Filter>
    </ClInclude>
    <ClInclude Include="imstb_rectpack.h">
      <Filter>Sources\Tools\ImGui</Filter>
    </ClInclude>
    <ClInclude Include="imstb_textedit.h">
      <Filter>Sources\Tools\ImGui</Filter>
    </ClInclude>
    <ClInclude Include="imstb_truetype.h">
      <Filter>Sources\Tools\ImGui</Filter>
    </ClInclude>
    <ClInclude Include="Application.h">
      <Filter>Sources\Core</Filter>
    </ClInclude>
    <ClInclude Include="Globals.h">
      <Filter>Sources\Core</Filter>
    </ClInclude>
    <ClInclude Include="ModuleGui.h">
      <Filter>Sources\Modules</Filter>
    </ClInclude>
    <ClInclude Include="imgui_impl_sdl.h">
      <Filter>Sources\Tools\ImGui\SDL_OpenGL3</Filter>
    </ClInclude>
    <ClInclude Include="imgui_impl_opengl3.h">
      <Filter>Sources\Tools\ImGui\SDL_OpenGL3</Filter>
    </ClInclude>
    <ClInclude Include="gl3w.h">
      <Filter>Sources\Tools\ImGui\SDL_OpenGL3</Filter>
    </ClInclude>
    <ClInclude Include="glcorearb.h">
      <Filter>Sources\Tools\ImGui\SDL_OpenGL3</Filter>
    </ClInclude>
    <ClInclude Include="ModuleSceneIntro.h">
      <Filter>Sources\Modules</Filter>
    </ClInclude>
    <ClInclude Include="ModulePhysics3D.h">
      <Filter>Sources\Modules</Filter>
    </ClInclude>
    <ClInclude Include="FileSys.h">
      <Filter>Sources\Modules</Filter>
    </ClInclude>
    <ClInclude Include="ModuleComponent.h">
      <Filter>Sources\components</Filter>
    </ClInclude>
    <ClInclude Include="GameObject.h">
      <Filter>Sources\components</Filter>
    </ClInclude>
    <ClInclude Include="ModuleMaterial.h">
      <Filter>Sources\components</Filter>
    </ClInclude>
    <ClInclude Include="ModuleMesh.h">
      <Filter>Sources\components</Filter>
    </ClInclude>
    <ClInclude Include="ModuleTransform.h">
      <Filter>Sources\components</Filter>
    </ClInclude>
    <ClInclude Include="Resource.h">
      <Filter>Sources\Resources</Filter>
    </ClInclude>
    <ClInclude Include="ResourceMat.h">
      <Filter>Sources\Resources</Filter>
    </ClInclude>
    <ClInclude Include="ResourceMesh.h">
      <Filter>Sources\Resources</Filter>
    </ClInclude>
    <ClInclude Include="ResourceMod.h">
      <Filter>Sources\Resources</Filter>
    </ClInclude>
    <ClInclude Include="ResourceTex.h">
      <Filter>Sources\Resources</Filter>
    </ClInclude>
    <ClInclude Include="Importer.h">
      <Filter>Sources\importers</Filter>
    </ClInclude>
    <ClInclude Include="ImporterMat.h">
      <Filter>Sources\importers</Filter>
    </ClInclude>
    <ClInclude Include="ImporterMesh.h">
      <Filter>Sources\importers</Filter>
    </ClInclude>
    <ClInclude Include="ImporterMod.h">
      <Filter>Sources\importers</Filter>
    </ClInclude>
    <ClInclude Include="ModuleResources.h">
      <Filter>Sources\Modules</Filter>
    </ClInclude>
    <ClInclude Include="ImporterTex.h">
      <Filter>Sources\importers</Filter>
    </ClInclude>
    <ClInclude Include="options.h">
      <Filter>Sources\importers</Filter>
    </ClInclude>
    <ClInclude Include="Window.h">
      <Filter>Sources\GUI</Filter>
    </ClInclude>
    <ClInclude Include="About.h">
      <Filter>Sources\GUI</Filter>
    </ClInclude>
    <ClInclude Include="Cam.h">
      <Filter>Sources\components</Filter>
    </ClInclude>
    <ClInclude Include="Configuration.h">
      <Filter>Sources\GUI</Filter>
    </ClInclude>
    <ClInclude Include="Hierarchy.h">
      <Filter>Sources\GUI</Filter>
    </ClInclude>
    <ClInclude Include="Import.h">
      <Filter>Sources\GUI</Filter>
    </ClInclude>
    <ClInclude Include="Inspector.h">
      <Filter>Sources\GUI</Filter>
    </ClInclude>
    <ClInclude Include="Wscene.h">
      <Filter>Sources\GUI</Filter>
    </ClInclude>
    <ClInclude Include="Assets.h">
      <Filter>Sources\GUI</Filter>
    </ClInclude>
  </ItemGroup>
  <ItemGroup>
    <ClCompile Include="ModuleCamera3D.cpp">
      <Filter>Sources\Modules</Filter>
    </ClCompile>
    <ClCompile Include="ModuleInput.cpp">
      <Filter>Sources\Modules</Filter>
    </ClCompile>
    <ClCompile Include="ModuleRenderer3D.cpp">
      <Filter>Sources\Modules</Filter>
    </ClCompile>
    <ClCompile Include="ModuleWindow.cpp">
      <Filter>Sources\Modules</Filter>
    </ClCompile>
    <ClCompile Include="log.cpp">
      <Filter>Sources\Tools</Filter>
    </ClCompile>
    <ClCompile Include="Timer.cpp">
      <Filter>Sources\Tools</Filter>
    </ClCompile>
    <ClCompile Include="glmath.cpp">
      <Filter>Sources\Containers</Filter>
    </ClCompile>
    <ClCompile Include="Primitive.cpp">
      <Filter>Sources\Helpers</Filter>
    </ClCompile>
    <ClCompile Include="Color.cpp">
      <Filter>Sources\Containers</Filter>
    </ClCompile>
    <ClCompile Include="Light.cpp">
      <Filter>Sources\Helpers</Filter>
    </ClCompile>
    <ClCompile Include="imgui.cpp">
      <Filter>Sources\Tools\ImGui</Filter>
    </ClCompile>
    <ClCompile Include="imgui_demo.cpp">
      <Filter>Sources\Tools\ImGui</Filter>
    </ClCompile>
    <ClCompile Include="imgui_draw.cpp">
      <Filter>Sources\Tools\ImGui</Filter>
    </ClCompile>
    <ClCompile Include="imgui_widgets.cpp">
      <Filter>Sources\Tools\ImGui</Filter>
    </ClCompile>
    <ClCompile Include="Application.cpp">
      <Filter>Sources\Core</Filter>
    </ClCompile>
    <ClCompile Include="Main.cpp">
      <Filter>Sources\Core</Filter>
    </ClCompile>
    <ClCompile Include="ModuleGui.cpp">
      <Filter>Sources\Modules</Filter>
    </ClCompile>
    <ClCompile Include="imgui_impl_sdl.cpp">
      <Filter>Sources\Tools\ImGui\SDL_OpenGL3</Filter>
    </ClCompile>
    <ClCompile Include="imgui_impl_opengl3.cpp">
      <Filter>Sources\Tools\ImGui\SDL_OpenGL3</Filter>
    </ClCompile>
    <ClCompile Include="gl3w.c">
      <Filter>Sources\Tools\ImGui\SDL_OpenGL3</Filter>
    </ClCompile>
    <ClCompile Include="ModuleSceneIntro.cpp">
      <Filter>Sources\Modules</Filter>
    </ClCompile>
    <ClCompile Include="ModulePhysics3D.cpp">
      <Filter>Sources\Modules</Filter>
    </ClCompile>
    <ClCompile Include="FileSys.cpp">
      <Filter>Sources\Modules</Filter>
    </ClCompile>
    <ClCompile Include="ModuleComponent.cpp">
      <Filter>Sources\components</Filter>
    </ClCompile>
    <ClCompile Include="GameObject.cpp">
      <Filter>Sources\components</Filter>
    </ClCompile>
    <ClCompile Include="ModuleMaterial.cpp">
      <Filter>Sources\components</Filter>
    </ClCompile>
    <ClCompile Include="ModuleMesh.cpp">
      <Filter>Sources\components</Filter>
    </ClCompile>
    <ClCompile Include="ModuleTransform.cpp">
      <Filter>Sources\components</Filter>
    </ClCompile>
    <ClCompile Include="Resource.cpp">
      <Filter>Sources\Resources</Filter>
    </ClCompile>
    <ClCompile Include="ResourceMat.cpp">
      <Filter>Sources\Resources</Filter>
    </ClCompile>
    <ClCompile Include="ResourceMesh.cpp">
      <Filter>Sources\Resources</Filter>
    </ClCompile>
    <ClCompile Include="ResourceMod.cpp">
      <Filter>Sources\Resources</Filter>
    </ClCompile>
    <ClCompile Include="ResourceTex.cpp">
      <Filter>Sources\Resources</Filter>
    </ClCompile>
    <ClCompile Include="ImporterMat.cpp">
      <Filter>Sources\importers</Filter>
    </ClCompile>
    <ClCompile Include="ImporterMesh.cpp">
      <Filter>Sources\importers</Filter>
    </ClCompile>
    <ClCompile Include="ImporterMod.cpp">
      <Filter>Sources\importers</Filter>
    </ClCompile>
    <ClCompile Include="ModuleResources.cpp">
      <Filter>Sources\Modules</Filter>
    </ClCompile>
    <ClCompile Include="ImporterTex.cpp">
      <Filter>Sources\importers</Filter>
    </ClCompile>
    <ClCompile Include="About.cpp">
      <Filter>Sources\GUI</Filter>
    </ClCompile>
    <ClCompile Include="Cam.cpp">
      <Filter>Sources\components</Filter>
    </ClCompile>
    <ClCompile Include="Configuration.cpp">
      <Filter>Sources\GUI</Filter>
    </ClCompile>
    <ClCompile Include="Hierarchy.cpp">
      <Filter>Sources\GUI</Filter>
    </ClCompile>
    <ClCompile Include="Import.cpp">
      <Filter>Sources\GUI</Filter>
    </ClCompile>
    <ClCompile Include="Inspector.cpp">
      <Filter>Sources\GUI</Filter>
    </ClCompile>
    <ClCompile Include="Wscene.cpp">
      <Filter>Sources\GUI</Filter>
    </ClCompile>
    <ClCompile Include="Assets.cpp">
      <Filter>Sources\GUI</Filter>
    </ClCompile>
  </ItemGroup>
</Project>